
Microsoft Visual Studio Solution File, Format Version 12.00
# Visual Studio Version 16
VisualStudioVersion = 16.0.30204.135
MinimumVisualStudioVersion = 10.0.40219.1
Project("{FAE04EC0-301F-11D3-BF4B-00C04F79EFBC}") = "ParkingLot", "ParkingLot\ParkingLot.csproj", "{2F29735D-EF6F-472D-9BE6-D7B0E5854147}"
EndProject
Project("{FAE04EC0-301F-11D3-BF4B-00C04F79EFBC}") = "ParkingLot.Test", "ParkingLot.Test\ParkingLot.Test.csproj", "{FEF375FD-9E69-49B7-ABC6-1C04906ADFCE}"
EndProject
Global
	GlobalSection(SolutionConfigurationPlatforms) = preSolution
		Debug|Any CPU = Debug|Any CPU
		Release|Any CPU = Release|Any CPU
	EndGlobalSection
	GlobalSection(ProjectConfigurationPlatforms) = postSolution
		{2F29735D-EF6F-472D-9BE6-D7B0E5854147}.Debug|Any CPU.ActiveCfg = Debug|Any CPU
		{2F29735D-EF6F-472D-9BE6-D7B0E5854147}.Debug|Any CPU.Build.0 = Debug|Any CPU
		{2F29735D-EF6F-472D-9BE6-D7B0E5854147}.Release|Any CPU.ActiveCfg = Release|Any CPU
		{2F29735D-EF6F-472D-9BE6-D7B0E5854147}.Release|Any CPU.Build.0 = Release|Any CPU
		{FEF375FD-9E69-49B7-ABC6-1C04906ADFCE}.Debug|Any CPU.ActiveCfg = Debug|Any CPU
		{FEF375FD-9E69-49B7-ABC6-1C04906ADFCE}.Debug|Any CPU.Build.0 = Debug|Any CPU
		{FEF375FD-9E69-49B7-ABC6-1C04906ADFCE}.Release|Any CPU.ActiveCfg = Release|Any CPU
		{FEF375FD-9E69-49B7-ABC6-1C04906ADFCE}.Release|Any CPU.Build.0 = Release|Any CPU
	EndGlobalSection
	GlobalSection(SolutionProperties) = preSolution
		HideSolutionNode = FALSE
	EndGlobalSection
	GlobalSection(ExtensibilityGlobals) = postSolution
		SolutionGuid = {E941B76E-06F4-4FCA-9259-16FCCB12CC03}
	EndGlobalSection
EndGlobal
